// !$*UTF8*$!
{
	archiveVersion = 1;
	classes = {
	};
	objectVersion = 56;
	objects = {

/* Begin PBXBuildFile section */
		8646AA972B5CBF8E00FC7232 /* SampleSwiftApp.swift in Sources */ = {isa = PBXBuildFile; fileRef = 8646AA962B5CBF8E00FC7232 /* SampleSwiftApp.swift */; };
		8646AA992B5CBF8E00FC7232 /* ContentView.swift in Sources */ = {isa = PBXBuildFile; fileRef = 8646AA982B5CBF8E00FC7232 /* ContentView.swift */; };
		8646AA9B2B5CBF8F00FC7232 /* Assets.xcassets in Resources */ = {isa = PBXBuildFile; fileRef = 8646AA9A2B5CBF8F00FC7232 /* Assets.xcassets */; };
		8646AA9E2B5CBF8F00FC7232 /* Preview Assets.xcassets in Resources */ = {isa = PBXBuildFile; fileRef = 8646AA9D2B5CBF8F00FC7232 /* Preview Assets.xcassets */; };
		8646AAA82B5CBF8F00FC7232 /* SampleSwiftTests.swift in Sources */ = {isa = PBXBuildFile; fileRef = 8646AAA72B5CBF8F00FC7232 /* SampleSwiftTests.swift */; };
		8646AAB22B5CBF8F00FC7232 /* SampleSwiftUITests.swift in Sources */ = {isa = PBXBuildFile; fileRef = 8646AAB12B5CBF8F00FC7232 /* SampleSwiftUITests.swift */; };
		8646AAB42B5CBF9000FC7232 /* SampleSwiftUITestsLaunchTests.swift in Sources */ = {isa = PBXBuildFile; fileRef = 8646AAB32B5CBF9000FC7232 /* SampleSwiftUITestsLaunchTests.swift */; };
/* End PBXBuildFile section */

/* Begin PBXContainerItemProxy section */
		8646AAA42B5CBF8F00FC7232 /* PBXContainerItemProxy */ = {
			isa = PBXContainerItemProxy;
			containerPortal = 8646AA8B2B5CBF8E00FC7232 /* Project object */;
			proxyType = 1;
			remoteGlobalIDString = 8646AA922B5CBF8E00FC7232;
			remoteInfo = SampleSwift;
		};
		8646AAAE2B5CBF8F00FC7232 /* PBXContainerItemProxy */ = {
			isa = PBXContainerItemProxy;
			containerPortal = 8646AA8B2B5CBF8E00FC7232 /* Project object */;
			proxyType = 1;
			remoteGlobalIDString = 8646AA922B5CBF8E00FC7232;
			remoteInfo = SampleSwift;
		};
/* End PBXContainerItemProxy section */

/* Begin PBXFileReference section */
		8646AA932B5CBF8E00FC7232 /* SampleSwift.app */ = {isa = PBXFileReference; explicitFileType = wrapper.application; includeInIndex = 0; path = SampleSwift.app; sourceTree = BUILT_PRODUCTS_DIR; };
		8646AA962B5CBF8E00FC7232 /* SampleSwiftApp.swift */ = {isa = PBXFileReference; lastKnownFileType = sourcecode.swift; path = SampleSwiftApp.swift; sourceTree = "<group>"; };
		8646AA982B5CBF8E00FC7232 /* ContentView.swift */ = {isa = PBXFileReference; lastKnownFileType = sourcecode.swift; path = ContentView.swift; sourceTree = "<group>"; };
		8646AA9A2B5CBF8F00FC7232 /* Assets.xcassets */ = {isa = PBXFileReference; lastKnownFileType = folder.assetcatalog; path = Assets.xcassets; sourceTree = "<group>"; };
		8646AA9D2B5CBF8F00FC7232 /* Preview Assets.xcassets */ = {isa = PBXFileReference; lastKnownFileType = folder.assetcatalog; path = "Preview Assets.xcassets"; sourceTree = "<group>"; };
		8646AAA32B5CBF8F00FC7232 /* SampleSwiftTests.xctest */ = {isa = PBXFileReference; explicitFileType = wrapper.cfbundle; includeInIndex = 0; path = SampleSwiftTests.xctest; sourceTree = BUILT_PRODUCTS_DIR; };
		8646AAA72B5CBF8F00FC7232 /* SampleSwiftTests.swift */ = {isa = PBXFileReference; lastKnownFileType = sourcecode.swift; path = SampleSwiftTests.swift; sourceTree = "<group>"; };
		8646AAAD2B5CBF8F00FC7232 /* SampleSwiftUITests.xctest */ = {isa = PBXFileReference; explicitFileType = wrapper.cfbundle; includeInIndex = 0; path = SampleSwiftUITests.xctest; sourceTree = BUILT_PRODUCTS_DIR; };
		8646AAB12B5CBF8F00FC7232 /* SampleSwiftUITests.swift */ = {isa = PBXFileReference; lastKnownFileType = sourcecode.swift; path = SampleSwiftUITests.swift; sourceTree = "<group>"; };
		8646AAB32B5CBF9000FC7232 /* SampleSwiftUITestsLaunchTests.swift */ = {isa = PBXFileReference; lastKnownFileType = sourcecode.swift; path = SampleSwiftUITestsLaunchTests.swift; sourceTree = "<group>"; };
/* End PBXFileReference section */

/* Begin PBXFrameworksBuildPhase section */
		8646AA902B5CBF8E00FC7232 /* Frameworks */ = {
			isa = PBXFrameworksBuildPhase;
			buildActionMask = 2147483647;
			files = (
			);
			runOnlyForDeploymentPostprocessing = 0;
		};
		8646AAA02B5CBF8F00FC7232 /* Frameworks */ = {
			isa = PBXFrameworksBuildPhase;
			buildActionMask = 2147483647;
			files = (
			);
			runOnlyForDeploymentPostprocessing = 0;
		};
		8646AAAA2B5CBF8F00FC7232 /* Frameworks */ = {
			isa = PBXFrameworksBuildPhase;
			buildActionMask = 2147483647;
			files = (
			);
			runOnlyForDeploymentPostprocessing = 0;
		};
/* End PBXFrameworksBuildPhase section */

/* Begin PBXGroup section */
		8646AA8A2B5CBF8E00FC7232 = {
			isa = PBXGroup;
			children = (
				8646AA952B5CBF8E00FC7232 /* SampleSwift */,
				8646AAA62B5CBF8F00FC7232 /* SampleSwiftTests */,
				8646AAB02B5CBF8F00FC7232 /* SampleSwiftUITests */,
				8646AA942B5CBF8E00FC7232 /* Products */,
			);
			sourceTree = "<group>";
		};
		8646AA942B5CBF8E00FC7232 /* Products */ = {
			isa = PBXGroup;
			children = (
				8646AA932B5CBF8E00FC7232 /* SampleSwift.app */,
				8646AAA32B5CBF8F00FC7232 /* SampleSwiftTests.xctest */,
				8646AAAD2B5CBF8F00FC7232 /* SampleSwiftUITests.xctest */,
			);
			name = Products;
			sourceTree = "<group>";
		};
		8646AA952B5CBF8E00FC7232 /* SampleSwift */ = {
			isa = PBXGroup;
			children = (
				8646AA962B5CBF8E00FC7232 /* SampleSwiftApp.swift */,
				8646AA982B5CBF8E00FC7232 /* ContentView.swift */,
				8646AA9A2B5CBF8F00FC7232 /* Assets.xcassets */,
				8646AA9C2B5CBF8F00FC7232 /* Preview Content */,
			);
			path = SampleSwift;
			sourceTree = "<group>";
		};
		8646AA9C2B5CBF8F00FC7232 /* Preview Content */ = {
			isa = PBXGroup;
			children = (
				8646AA9D2B5CBF8F00FC7232 /* Preview Assets.xcassets */,
			);
			path = "Preview Content";
			sourceTree = "<group>";
		};
		8646AAA62B5CBF8F00FC7232 /* SampleSwiftTests */ = {
			isa = PBXGroup;
			children = (
				8646AAA72B5CBF8F00FC7232 /* SampleSwiftTests.swift */,
			);
			path = SampleSwiftTests;
			sourceTree = "<group>";
		};
		8646AAB02B5CBF8F00FC7232 /* SampleSwiftUITests */ = {
			isa = PBXGroup;
			children = (
				8646AAB12B5CBF8F00FC7232 /* SampleSwiftUITests.swift */,
				8646AAB32B5CBF9000FC7232 /* SampleSwiftUITestsLaunchTests.swift */,
			);
			path = SampleSwiftUITests;
			sourceTree = "<group>";
		};
/* End PBXGroup section */

/* Begin PBXNativeTarget section */
		8646AA922B5CBF8E00FC7232 /* SampleSwift */ = {
			isa = PBXNativeTarget;
			buildConfigurationList = 8646AAB72B5CBF9000FC7232 /* Build configuration list for PBXNativeTarget "SampleSwift" */;
			buildPhases = (
				8646AA8F2B5CBF8E00FC7232 /* Sources */,
				8646AA902B5CBF8E00FC7232 /* Frameworks */,
				8646AA912B5CBF8E00FC7232 /* Resources */,
			);
			buildRules = (
			);
			dependencies = (
			);
			name = SampleSwift;
			productName = SampleSwift;
			productReference = 8646AA932B5CBF8E00FC7232 /* SampleSwift.app */;
			productType = "com.apple.product-type.application";
		};
		8646AAA22B5CBF8F00FC7232 /* SampleSwiftTests */ = {
			isa = PBXNativeTarget;
			buildConfigurationList = 8646AABA2B5CBF9000FC7232 /* Build configuration list for PBXNativeTarget "SampleSwiftTests" */;
			buildPhases = (
				8646AA9F2B5CBF8F00FC7232 /* Sources */,
				8646AAA02B5CBF8F00FC7232 /* Frameworks */,
				8646AAA12B5CBF8F00FC7232 /* Resources */,
			);
			buildRules = (
			);
			dependencies = (
				8646AAA52B5CBF8F00FC7232 /* PBXTargetDependency */,
			);
			name = SampleSwiftTests;
			productName = SampleSwiftTests;
			productReference = 8646AAA32B5CBF8F00FC7232 /* SampleSwiftTests.xctest */;
			productType = "com.apple.product-type.bundle.unit-test";
		};
		8646AAAC2B5CBF8F00FC7232 /* SampleSwiftUITests */ = {
			isa = PBXNativeTarget;
			buildConfigurationList = 8646AABD2B5CBF9000FC7232 /* Build configuration list for PBXNativeTarget "SampleSwiftUITests" */;
			buildPhases = (
				8646AAA92B5CBF8F00FC7232 /* Sources */,
				8646AAAA2B5CBF8F00FC7232 /* Frameworks */,
				8646AAAB2B5CBF8F00FC7232 /* Resources */,
			);
			buildRules = (
			);
			dependencies = (
				8646AAAF2B5CBF8F00FC7232 /* PBXTargetDependency */,
			);
			name = SampleSwiftUITests;
			productName = SampleSwiftUITests;
			productReference = 8646AAAD2B5CBF8F00FC7232 /* SampleSwiftUITests.xctest */;
			productType = "com.apple.product-type.bundle.ui-testing";
		};
/* End PBXNativeTarget section */

/* Begin PBXProject section */
		8646AA8B2B5CBF8E00FC7232 /* Project object */ = {
			isa = PBXProject;
			attributes = {
				BuildIndependentTargetsInParallel = 1;
				LastSwiftUpdateCheck = 1430;
				LastUpgradeCheck = 1430;
				TargetAttributes = {
					8646AA922B5CBF8E00FC7232 = {
						CreatedOnToolsVersion = 14.3.1;
					};
					8646AAA22B5CBF8F00FC7232 = {
						CreatedOnToolsVersion = 14.3.1;
						TestTargetID = 8646AA922B5CBF8E00FC7232;
					};
					8646AAAC2B5CBF8F00FC7232 = {
						CreatedOnToolsVersion = 14.3.1;
						TestTargetID = 8646AA922B5CBF8E00FC7232;
					};
				};
			};
			buildConfigurationList = 8646AA8E2B5CBF8E00FC7232 /* Build configuration list for PBXProject "SampleSwift" */;
			compatibilityVersion = "Xcode 14.0";
			developmentRegion = en;
			hasScannedForEncodings = 0;
			knownRegions = (
				en,
				Base,
			);
			mainGroup = 8646AA8A2B5CBF8E00FC7232;
			productRefGroup = 8646AA942B5CBF8E00FC7232 /* Products */;
			projectDirPath = "";
			projectRoot = "";
			targets = (
				8646AA922B5CBF8E00FC7232 /* SampleSwift */,
				8646AAA22B5CBF8F00FC7232 /* SampleSwiftTests */,
				8646AAAC2B5CBF8F00FC7232 /* SampleSwiftUITests */,
			);
		};
/* End PBXProject section */

/* Begin PBXResourcesBuildPhase section */
		8646AA912B5CBF8E00FC7232 /* Resources */ = {
			isa = PBXResourcesBuildPhase;
			buildActionMask = 2147483647;
			files = (
				8646AA9E2B5CBF8F00FC7232 /* Preview Assets.xcassets in Resources */,
				8646AA9B2B5CBF8F00FC7232 /* Assets.xcassets in Resources */,
			);
			runOnlyForDeploymentPostprocessing = 0;
		};
		8646AAA12B5CBF8F00FC7232 /* Resources */ = {
			isa = PBXResourcesBuildPhase;
			buildActionMask = 2147483647;
			files = (
			);
			runOnlyForDeploymentPostprocessing = 0;
		};
		8646AAAB2B5CBF8F00FC7232 /* Resources */ = {
			isa = PBXResourcesBuildPhase;
			buildActionMask = 2147483647;
			files = (
			);
			runOnlyForDeploymentPostprocessing = 0;
		};
/* End PBXResourcesBuildPhase section */

/* Begin PBXSourcesBuildPhase section */
		8646AA8F2B5CBF8E00FC7232 /* Sources */ = {
			isa = PBXSourcesBuildPhase;
			buildActionMask = 2147483647;
			files = (
				8646AA992B5CBF8E00FC7232 /* ContentView.swift in Sources */,
				8646AA972B5CBF8E00FC7232 /* SampleSwiftApp.swift in Sources */,
			);
			runOnlyForDeploymentPostprocessing = 0;
		};
		8646AA9F2B5CBF8F00FC7232 /* Sources */ = {
			isa = PBXSourcesBuildPhase;
			buildActionMask = 2147483647;
			files = (
				8646AAA82B5CBF8F00FC7232 /* SampleSwiftTests.swift in Sources */,
			);
			runOnlyForDeploymentPostprocessing = 0;
		};
		8646AAA92B5CBF8F00FC7232 /* Sources */ = {
			isa = PBXSourcesBuildPhase;
			buildActionMask = 2147483647;
			files = (
				8646AAB42B5CBF9000FC7232 /* SampleSwiftUITestsLaunchTests.swift in Sources */,
				8646AAB22B5CBF8F00FC7232 /* SampleSwiftUITests.swift in Sources */,
			);
			runOnlyForDeploymentPostprocessing = 0;
		};
/* End PBXSourcesBuildPhase section */

/* Begin PBXTargetDependency section */
		8646AAA52B5CBF8F00FC7232 /* PBXTargetDependency */ = {
			isa = PBXTargetDependency;
			target = 8646AA922B5CBF8E00FC7232 /* SampleSwift */;
			targetProxy = 8646AAA42B5CBF8F00FC7232 /* PBXContainerItemProxy */;
		};
		8646AAAF2B5CBF8F00FC7232 /* PBXTargetDependency */ = {
			isa = PBXTargetDependency;
			target = 8646AA922B5CBF8E00FC7232 /* SampleSwift */;
			targetProxy = 8646AAAE2B5CBF8F00FC7232 /* PBXContainerItemProxy */;
		};
/* End PBXTargetDependency section */

/* Begin XCBuildConfiguration section */
		8646AAB52B5CBF9000FC7232 /* Debug */ = {
			isa = XCBuildConfiguration;
			buildSettings = {
				ALWAYS_SEARCH_USER_PATHS = NO;
				CLANG_ANALYZER_NONNULL = YES;
				CLANG_ANALYZER_NUMBER_OBJECT_CONVERSION = YES_AGGRESSIVE;
				CLANG_CXX_LANGUAGE_STANDARD = "gnu++20";
				CLANG_ENABLE_MODULES = YES;
				CLANG_ENABLE_OBJC_ARC = YES;
				CLANG_ENABLE_OBJC_WEAK = YES;
				CLANG_WARN_BLOCK_CAPTURE_AUTORELEASING = YES;
				CLANG_WARN_BOOL_CONVERSION = YES;
				CLANG_WARN_COMMA = YES;
				CLANG_WARN_CONSTANT_CONVERSION = YES;
				CLANG_WARN_DEPRECATED_OBJC_IMPLEMENTATIONS = YES;
				CLANG_WARN_DIRECT_OBJC_ISA_USAGE = YES_ERROR;
				CLANG_WARN_DOCUMENTATION_COMMENTS = YES;
				CLANG_WARN_EMPTY_BODY = YES;
				CLANG_WARN_ENUM_CONVERSION = YES;
				CLANG_WARN_INFINITE_RECURSION = YES;
				CLANG_WARN_INT_CONVERSION = YES;
				CLANG_WARN_NON_LITERAL_NULL_CONVERSION = YES;
				CLANG_WARN_OBJC_IMPLICIT_RETAIN_SELF = YES;
				CLANG_WARN_OBJC_LITERAL_CONVERSION = YES;
				CLANG_WARN_OBJC_ROOT_CLASS = YES_ERROR;
				CLANG_WARN_QUOTED_INCLUDE_IN_FRAMEWORK_HEADER = YES;
				CLANG_WARN_RANGE_LOOP_ANALYSIS = YES;
				CLANG_WARN_STRICT_PROTOTYPES = YES;
				CLANG_WARN_SUSPICIOUS_MOVE = YES;
				CLANG_WARN_UNGUARDED_AVAILABILITY = YES_AGGRESSIVE;
				CLANG_WARN_UNREACHABLE_CODE = YES;
				CLANG_WARN__DUPLICATE_METHOD_MATCH = YES;
				COPY_PHASE_STRIP = NO;
				DEBUG_INFORMATION_FORMAT = dwarf;
				ENABLE_STRICT_OBJC_MSGSEND = YES;
				ENABLE_TESTABILITY = YES;
				GCC_C_LANGUAGE_STANDARD = gnu11;
				GCC_DYNAMIC_NO_PIC = NO;
				GCC_NO_COMMON_BLOCKS = YES;
				GCC_OPTIMIZATION_LEVEL = 0;
				GCC_PREPROCESSOR_DEFINITIONS = (
					"DEBUG=1",
					"$(inherited)",
				);
				GCC_WARN_64_TO_32_BIT_CONVERSION = YES;
				GCC_WARN_ABOUT_RETURN_TYPE = YES_ERROR;
				GCC_WARN_UNDECLARED_SELECTOR = YES;
				GCC_WARN_UNINITIALIZED_AUTOS = YES_AGGRESSIVE;
				GCC_WARN_UNUSED_FUNCTION = YES;
				GCC_WARN_UNUSED_VARIABLE = YES;
				IPHONEOS_DEPLOYMENT_TARGET = 16.4;
				MTL_ENABLE_DEBUG_INFO = INCLUDE_SOURCE;
				MTL_FAST_MATH = YES;
				ONLY_ACTIVE_ARCH = YES;
				SDKROOT = iphoneos;
				SWIFT_ACTIVE_COMPILATION_CONDITIONS = DEBUG;
				SWIFT_OPTIMIZATION_LEVEL = "-Onone";
			};
			name = Debug;
		};
		8646AAB62B5CBF9000FC7232 /* Release */ = {
			isa = XCBuildConfiguration;
			buildSettings = {
				ALWAYS_SEARCH_USER_PATHS = NO;
				CLANG_ANALYZER_NONNULL = YES;
				CLANG_ANALYZER_NUMBER_OBJECT_CONVERSION = YES_AGGRESSIVE;
				CLANG_CXX_LANGUAGE_STANDARD = "gnu++20";
				CLANG_ENABLE_MODULES = YES;
				CLANG_ENABLE_OBJC_ARC = YES;
				CLANG_ENABLE_OBJC_WEAK = YES;
				CLANG_WARN_BLOCK_CAPTURE_AUTORELEASING = YES;
				CLANG_WARN_BOOL_CONVERSION = YES;
				CLANG_WARN_COMMA = YES;
				CLANG_WARN_CONSTANT_CONVERSION = YES;
				CLANG_WARN_DEPRECATED_OBJC_IMPLEMENTATIONS = YES;
				CLANG_WARN_DIRECT_OBJC_ISA_USAGE = YES_ERROR;
				CLANG_WARN_DOCUMENTATION_COMMENTS = YES;
				CLANG_WARN_EMPTY_BODY = YES;
				CLANG_WARN_ENUM_CONVERSION = YES;
				CLANG_WARN_INFINITE_RECURSION = YES;
				CLANG_WARN_INT_CONVERSION = YES;
				CLANG_WARN_NON_LITERAL_NULL_CONVERSION = YES;
				CLANG_WARN_OBJC_IMPLICIT_RETAIN_SELF = YES;
				CLANG_WARN_OBJC_LITERAL_CONVERSION = YES;
				CLANG_WARN_OBJC_ROOT_CLASS = YES_ERROR;
				CLANG_WARN_QUOTED_INCLUDE_IN_FRAMEWORK_HEADER = YES;
				CLANG_WARN_RANGE_LOOP_ANALYSIS = YES;
				CLANG_WARN_STRICT_PROTOTYPES = YES;
				CLANG_WARN_SUSPICIOUS_MOVE = YES;
				CLANG_WARN_UNGUARDED_AVAILABILITY = YES_AGGRESSIVE;
				CLANG_WARN_UNREACHABLE_CODE = YES;
				CLANG_WARN__DUPLICATE_METHOD_MATCH = YES;
				COPY_PHASE_STRIP = NO;
				DEBUG_INFORMATION_FORMAT = "dwarf-with-dsym";
				ENABLE_NS_ASSERTIONS = NO;
				ENABLE_STRICT_OBJC_MSGSEND = YES;
				GCC_C_LANGUAGE_STANDARD = gnu11;
				GCC_NO_COMMON_BLOCKS = YES;
				GCC_WARN_64_TO_32_BIT_CONVERSION = YES;
				GCC_WARN_ABOUT_RETURN_TYPE = YES_ERROR;
				GCC_WARN_UNDECLARED_SELECTOR = YES;
				GCC_WARN_UNINITIALIZED_AUTOS = YES_AGGRESSIVE;
				GCC_WARN_UNUSED_FUNCTION = YES;
				GCC_WARN_UNUSED_VARIABLE = YES;
				IPHONEOS_DEPLOYMENT_TARGET = 16.4;
				MTL_ENABLE_DEBUG_INFO = NO;
				MTL_FAST_MATH = YES;
				SDKROOT = iphoneos;
				SWIFT_COMPILATION_MODE = wholemodule;
				SWIFT_OPTIMIZATION_LEVEL = "-O";
				VALIDATE_PRODUCT = YES;
			};
			name = Release;
		};
		8646AAB82B5CBF9000FC7232 /* Debug */ = {
			isa = XCBuildConfiguration;
			buildSettings = {
				ASSETCATALOG_COMPILER_APPICON_NAME = AppIcon;
				ASSETCATALOG_COMPILER_GLOBAL_ACCENT_COLOR_NAME = AccentColor;
				CODE_SIGN_STYLE = Automatic;
				CURRENT_PROJECT_VERSION = 1;
				DEVELOPMENT_ASSET_PATHS = "\"SampleSwift/Preview Content\"";
				ENABLE_PREVIEWS = YES;
				GENERATE_INFOPLIST_FILE = YES;
				INFOPLIST_KEY_UIApplicationSceneManifest_Generation = YES;
				INFOPLIST_KEY_UIApplicationSupportsIndirectInputEvents = YES;
				INFOPLIST_KEY_UILaunchScreen_Generation = YES;
				INFOPLIST_KEY_UISupportedInterfaceOrientations_iPad = "UIInterfaceOrientationPortrait UIInterfaceOrientationPortraitUpsideDown UIInterfaceOrientationLandscapeLeft UIInterfaceOrientationLandscapeRight";
				INFOPLIST_KEY_UISupportedInterfaceOrientations_iPhone = "UIInterfaceOrientationPortrait UIInterfaceOrientationLandscapeLeft UIInterfaceOrientationLandscapeRight";
				LD_RUNPATH_SEARCH_PATHS = (
					"$(inherited)",
					"@executable_path/Frameworks",
				);
				MARKETING_VERSION = 1.0;
				PRODUCT_BUNDLE_IDENTIFIER = com.shi.SampleSwift;
				PRODUCT_NAME = "$(TARGET_NAME)";
				SWIFT_EMIT_LOC_STRINGS = YES;
				SWIFT_VERSION = 5.0;
				TARGETED_DEVICE_FAMILY = "1,2";
			};
			name = Debug;
		};
		8646AAB92B5CBF9000FC7232 /* Release */ = {
			isa = XCBuildConfiguration;
			buildSettings = {
				ASSETCATALOG_COMPILER_APPICON_NAME = AppIcon;
				ASSETCATALOG_COMPILER_GLOBAL_ACCENT_COLOR_NAME = AccentColor;
				CODE_SIGN_STYLE = Automatic;
				CURRENT_PROJECT_VERSION = 1;
				DEVELOPMENT_ASSET_PATHS = "\"SampleSwift/Preview Content\"";
				ENABLE_PREVIEWS = YES;
				GENERATE_INFOPLIST_FILE = YES;
				INFOPLIST_KEY_UIApplicationSceneManifest_Generation = YES;
				INFOPLIST_KEY_UIApplicationSupportsIndirectInputEvents = YES;
				INFOPLIST_KEY_UILaunchScreen_Generation = YES;
				INFOPLIST_KEY_UISupportedInterfaceOrientations_iPad = "UIInterfaceOrientationPortrait UIInterfaceOrientationPortraitUpsideDown UIInterfaceOrientationLandscapeLeft UIInterfaceOrientationLandscapeRight";
				INFOPLIST_KEY_UISupportedInterfaceOrientations_iPhone = "UIInterfaceOrientationPortrait UIInterfaceOrientationLandscapeLeft UIInterfaceOrientationLandscapeRight";
				LD_RUNPATH_SEARCH_PATHS = (
					"$(inherited)",
					"@executable_path/Frameworks",
				);
				MARKETING_VERSION = 1.0;
				PRODUCT_BUNDLE_IDENTIFIER = com.shi.SampleSwift;
				PRODUCT_NAME = "$(TARGET_NAME)";
				SWIFT_EMIT_LOC_STRINGS = YES;
				SWIFT_VERSION = 5.0;
				TARGETED_DEVICE_FAMILY = "1,2";
			};
			name = Release;
		};
		8646AABB2B5CBF9000FC7232 /* Debug */ = {
			isa = XCBuildConfiguration;
			buildSettings = {
				ALWAYS_EMBED_SWIFT_STANDARD_LIBRARIES = YES;
				BUNDLE_LOADER = "$(TEST_HOST)";
				CODE_SIGN_STYLE = Automatic;
				CURRENT_PROJECT_VERSION = 1;
				GENERATE_INFOPLIST_FILE = YES;
				IPHONEOS_DEPLOYMENT_TARGET = 16.4;
				MARKETING_VERSION = 1.0;
				PRODUCT_BUNDLE_IDENTIFIER = com.shi.SampleSwiftTests;
				PRODUCT_NAME = "$(TARGET_NAME)";
				SWIFT_EMIT_LOC_STRINGS = NO;
				SWIFT_VERSION = 5.0;
				TARGETED_DEVICE_FAMILY = "1,2";
				TEST_HOST = "$(BUILT_PRODUCTS_DIR)/SampleSwift.app/$(BUNDLE_EXECUTABLE_FOLDER_PATH)/SampleSwift";
			};
			name = Debug;
		};
		8646AABC2B5CBF9000FC7232 /* Release */ = {
			isa = XCBuildConfiguration;
			buildSettings = {
				ALWAYS_EMBED_SWIFT_STANDARD_LIBRARIES = YES;
				BUNDLE_LOADER = "$(TEST_HOST)";
				CODE_SIGN_STYLE = Automatic;
				CURRENT_PROJECT_VERSION = 1;
				GENERATE_INFOPLIST_FILE = YES;
				IPHONEOS_DEPLOYMENT_TARGET = 16.4;
				MARKETING_VERSION = 1.0;
				PRODUCT_BUNDLE_IDENTIFIER = com.shi.SampleSwiftTests;
				PRODUCT_NAME = "$(TARGET_NAME)";
				SWIFT_EMIT_LOC_STRINGS = NO;
				SWIFT_VERSION = 5.0;
				TARGETED_DEVICE_FAMILY = "1,2";
				TEST_HOST = "$(BUILT_PRODUCTS_DIR)/SampleSwift.app/$(BUNDLE_EXECUTABLE_FOLDER_PATH)/SampleSwift";
			};
			name = Release;
		};
		8646AABE2B5CBF9000FC7232 /* Debug */ = {
			isa = XCBuildConfiguration;
			buildSettings = {
				ALWAYS_EMBED_SWIFT_STANDARD_LIBRARIES = YES;
				CODE_SIGN_STYLE = Automatic;
				CURRENT_PROJECT_VERSION = 1;
				GENERATE_INFOPLIST_FILE = YES;
				MARKETING_VERSION = 1.0;
				PRODUCT_BUNDLE_IDENTIFIER = com.shi.SampleSwiftUITests;
				PRODUCT_NAME = "$(TARGET_NAME)";
				SWIFT_EMIT_LOC_STRINGS = NO;
				SWIFT_VERSION = 5.0;
				TARGETED_DEVICE_FAMILY = "1,2";
				TEST_TARGET_NAME = SampleSwift;
			};
			name = Debug;
		};
		8646AABF2B5CBF9000FC7232 /* Release */ = {
			isa = XCBuildConfiguration;
			buildSettings = {
				ALWAYS_EMBED_SWIFT_STANDARD_LIBRARIES = YES;
				CODE_SIGN_STYLE = Automatic;
				CURRENT_PROJECT_VERSION = 1;
				GENERATE_INFOPLIST_FILE = YES;
				MARKETING_VERSION = 1.0;
				PRODUCT_BUNDLE_IDENTIFIER = com.shi.SampleSwiftUITests;
				PRODUCT_NAME = "$(TARGET_NAME)";
				SWIFT_EMIT_LOC_STRINGS = NO;
				SWIFT_VERSION = 5.0;
				TARGETED_DEVICE_FAMILY = "1,2";
				TEST_TARGET_NAME = SampleSwift;
			};
			name = Release;
		};
/* End XCBuildConfiguration section */

/* Begin XCConfigurationList section */
		8646AA8E2B5CBF8E00FC7232 /* Build configuration list for PBXProject "SampleSwift" */ = {
			isa = XCConfigurationList;
			buildConfigurations = (
				8646AAB52B5CBF9000FC7232 /* Debug */,
				8646AAB62B5CBF9000FC7232 /* Release */,
			);
			defaultConfigurationIsVisible = 0;
			defaultConfigurationName = Release;
		};
		8646AAB72B5CBF9000FC7232 /* Build configuration list for PBXNativeTarget "SampleSwift" */ = {
			isa = XCConfigurationList;
			buildConfigurations = (
				8646AAB82B5CBF9000FC7232 /* Debug */,
				8646AAB92B5CBF9000FC7232 /* Release */,
			);
			defaultConfigurationIsVisible = 0;
			defaultConfigurationName = Release;
		};
		8646AABA2B5CBF9000FC7232 /* Build configuration list for PBXNativeTarget "SampleSwiftTests" */ = {
			isa = XCConfigurationList;
			buildConfigurations = (
				8646AABB2B5CBF9000FC7232 /* Debug */,
				8646AABC2B5CBF9000FC7232 /* Release */,
			);
			defaultConfigurationIsVisible = 0;
			defaultConfigurationName = Release;
		};
		8646AABD2B5CBF9000FC7232 /* Build configuration list for PBXNativeTarget "SampleSwiftUITests" */ = {
			isa = XCConfigurationList;
			buildConfigurations = (
				8646AABE2B5CBF9000FC7232 /* Debug */,
				8646AABF2B5CBF9000FC7232 /* Release */,
			);
			defaultConfigurationIsVisible = 0;
			defaultConfigurationName = Release;
		};
/* End XCConfigurationList section */
	};
	rootObject = 8646AA8B2B5CBF8E00FC7232 /* Project object */;
}
